
Microsoft Visual Studio Solution File, Format Version 12.00
# Visual Studio Version 17
VisualStudioVersion = 17.13.35825.156
MinimumVisualStudioVersion = 10.0.40219.1
Project("{FAE04EC0-301F-11D3-BF4B-00C04F79EFBC}") = "WebAplication", "WebAplication\WebAplication.csproj", "{C35CD4EF-DA68-47E6-BDDE-A2DE43295CF0}"
EndProject
Project("{FAE04EC0-301F-11D3-BF4B-00C04F79EFBC}") = "Restoran", "Restoran\Restoran.csproj", "{3783F9BE-8F5B-4B46-9168-0B940D1F4448}"
EndProject
Global
	GlobalSection(SolutionConfigurationPlatforms) = preSolution
		Debug|Any CPU = Debug|Any CPU
		Release|Any CPU = Release|Any CPU
	EndGlobalSection
	GlobalSection(ProjectConfigurationPlatforms) = postSolution
		{C35CD4EF-DA68-47E6-BDDE-A2DE43295CF0}.Debug|Any CPU.ActiveCfg = Debug|Any CPU
		{C35CD4EF-DA68-47E6-BDDE-A2DE43295CF0}.Debug|Any CPU.Build.0 = Debug|Any CPU
		{C35CD4EF-DA68-47E6-BDDE-A2DE43295CF0}.Release|Any CPU.ActiveCfg = Release|Any CPU
		{C35CD4EF-DA68-47E6-BDDE-A2DE43295CF0}.Release|Any CPU.Build.0 = Release|Any CPU
		{3783F9BE-8F5B-4B46-9168-0B940D1F4448}.Debug|Any CPU.ActiveCfg = Debug|Any CPU
		{3783F9BE-8F5B-4B46-9168-0B940D1F4448}.Debug|Any CPU.Build.0 = Debug|Any CPU
		{3783F9BE-8F5B-4B46-9168-0B940D1F4448}.Release|Any CPU.ActiveCfg = Release|Any CPU
		{3783F9BE-8F5B-4B46-9168-0B940D1F4448}.Release|Any CPU.Build.0 = Release|Any CPU
	EndGlobalSection
	GlobalSection(SolutionProperties) = preSolution
		HideSolutionNode = FALSE
	EndGlobalSection
	GlobalSection(ExtensibilityGlobals) = postSolution
		SolutionGuid = {0829D6A9-7B9A-4AFC-9B8F-EB073A19891E}
	EndGlobalSection
EndGlobal
