
Microsoft Visual Studio Solution File, Format Version 12.00
# Visual Studio Version 17
VisualStudioVersion = 17.13.35825.156
MinimumVisualStudioVersion = 10.0.40219.1
Project("{FAE04EC0-301F-11D3-BF4B-00C04F79EFBC}") = "DateTimeHW", "WebAplication\DateTimeHW.csproj", "{C35CD4EF-DA68-47E6-BDDE-A2DE43295CF0}"
EndProject
Project("{FAE04EC0-301F-11D3-BF4B-00C04F79EFBC}") = "Restoran", "Restoran\Restoran.csproj", "{3783F9BE-8F5B-4B46-9168-0B940D1F4448}"
EndProject
Project("{FAE04EC0-301F-11D3-BF4B-00C04F79EFBC}") = "ConsolApplication", "ConsolApplication\ConsolApplication.csproj", "{0D60FA45-86AA-4630-AE62-42CFB629AC2F}"
EndProject
Project("{FAE04EC0-301F-11D3-BF4B-00C04F79EFBC}") = "ConsolApplicationHW", "ConsolApplicationHW\ConsolApplicationHW.csproj", "{9EBFEFDF-A498-4407-BCEB-BA1FF66BAC4D}"
EndProject
Project("{FAE04EC0-301F-11D3-BF4B-00C04F79EFBC}") = "RazorPageF", "RazorPageF\RazorPageF.csproj", "{27146808-5E6A-456D-9461-23EE723402B0}"
EndProject
Project("{FAE04EC0-301F-11D3-BF4B-00C04F79EFBC}") = "ToDoWeb", "ToDoWeb\ToDoWeb.csproj", "{764A4214-836F-4F41-8355-E5308947D330}"
EndProject
Project("{FAE04EC0-301F-11D3-BF4B-00C04F79EFBC}") = "MVC", "MVC\MVC.csproj", "{F9D8E0F5-61E7-4155-8926-8A8B3E85E9A8}"
EndProject
Project("{FAE04EC0-301F-11D3-BF4B-00C04F79EFBC}") = "EntitiFramework", "EntitiFramework\EntitiFramework.csproj", "{565561D8-3F12-477F-A5D7-82F1A6E28A14}"
EndProject
Global
	GlobalSection(SolutionConfigurationPlatforms) = preSolution
		Debug|Any CPU = Debug|Any CPU
		Release|Any CPU = Release|Any CPU
	EndGlobalSection
	GlobalSection(ProjectConfigurationPlatforms) = postSolution
		{C35CD4EF-DA68-47E6-BDDE-A2DE43295CF0}.Debug|Any CPU.ActiveCfg = Debug|Any CPU
		{C35CD4EF-DA68-47E6-BDDE-A2DE43295CF0}.Debug|Any CPU.Build.0 = Debug|Any CPU
		{C35CD4EF-DA68-47E6-BDDE-A2DE43295CF0}.Release|Any CPU.ActiveCfg = Release|Any CPU
		{C35CD4EF-DA68-47E6-BDDE-A2DE43295CF0}.Release|Any CPU.Build.0 = Release|Any CPU
		{3783F9BE-8F5B-4B46-9168-0B940D1F4448}.Debug|Any CPU.ActiveCfg = Debug|Any CPU
		{3783F9BE-8F5B-4B46-9168-0B940D1F4448}.Debug|Any CPU.Build.0 = Debug|Any CPU
		{3783F9BE-8F5B-4B46-9168-0B940D1F4448}.Release|Any CPU.ActiveCfg = Release|Any CPU
		{3783F9BE-8F5B-4B46-9168-0B940D1F4448}.Release|Any CPU.Build.0 = Release|Any CPU
		{0D60FA45-86AA-4630-AE62-42CFB629AC2F}.Debug|Any CPU.ActiveCfg = Debug|Any CPU
		{0D60FA45-86AA-4630-AE62-42CFB629AC2F}.Debug|Any CPU.Build.0 = Debug|Any CPU
		{0D60FA45-86AA-4630-AE62-42CFB629AC2F}.Release|Any CPU.ActiveCfg = Release|Any CPU
		{0D60FA45-86AA-4630-AE62-42CFB629AC2F}.Release|Any CPU.Build.0 = Release|Any CPU
		{9EBFEFDF-A498-4407-BCEB-BA1FF66BAC4D}.Debug|Any CPU.ActiveCfg = Debug|Any CPU
		{9EBFEFDF-A498-4407-BCEB-BA1FF66BAC4D}.Debug|Any CPU.Build.0 = Debug|Any CPU
		{9EBFEFDF-A498-4407-BCEB-BA1FF66BAC4D}.Release|Any CPU.ActiveCfg = Release|Any CPU
		{9EBFEFDF-A498-4407-BCEB-BA1FF66BAC4D}.Release|Any CPU.Build.0 = Release|Any CPU
		{27146808-5E6A-456D-9461-23EE723402B0}.Debug|Any CPU.ActiveCfg = Debug|Any CPU
		{27146808-5E6A-456D-9461-23EE723402B0}.Debug|Any CPU.Build.0 = Debug|Any CPU
		{27146808-5E6A-456D-9461-23EE723402B0}.Release|Any CPU.ActiveCfg = Release|Any CPU
		{27146808-5E6A-456D-9461-23EE723402B0}.Release|Any CPU.Build.0 = Release|Any CPU
		{764A4214-836F-4F41-8355-E5308947D330}.Debug|Any CPU.ActiveCfg = Debug|Any CPU
		{764A4214-836F-4F41-8355-E5308947D330}.Debug|Any CPU.Build.0 = Debug|Any CPU
		{764A4214-836F-4F41-8355-E5308947D330}.Release|Any CPU.ActiveCfg = Release|Any CPU
		{764A4214-836F-4F41-8355-E5308947D330}.Release|Any CPU.Build.0 = Release|Any CPU
		{F9D8E0F5-61E7-4155-8926-8A8B3E85E9A8}.Debug|Any CPU.ActiveCfg = Debug|Any CPU
		{F9D8E0F5-61E7-4155-8926-8A8B3E85E9A8}.Debug|Any CPU.Build.0 = Debug|Any CPU
		{F9D8E0F5-61E7-4155-8926-8A8B3E85E9A8}.Release|Any CPU.ActiveCfg = Release|Any CPU
		{F9D8E0F5-61E7-4155-8926-8A8B3E85E9A8}.Release|Any CPU.Build.0 = Release|Any CPU
		{565561D8-3F12-477F-A5D7-82F1A6E28A14}.Debug|Any CPU.ActiveCfg = Debug|Any CPU
		{565561D8-3F12-477F-A5D7-82F1A6E28A14}.Debug|Any CPU.Build.0 = Debug|Any CPU
		{565561D8-3F12-477F-A5D7-82F1A6E28A14}.Release|Any CPU.ActiveCfg = Release|Any CPU
		{565561D8-3F12-477F-A5D7-82F1A6E28A14}.Release|Any CPU.Build.0 = Release|Any CPU
	EndGlobalSection
	GlobalSection(SolutionProperties) = preSolution
		HideSolutionNode = FALSE
	EndGlobalSection
	GlobalSection(ExtensibilityGlobals) = postSolution
		SolutionGuid = {0829D6A9-7B9A-4AFC-9B8F-EB073A19891E}
	EndGlobalSection
EndGlobal
